// !$*UTF8*$!
{
	archiveVersion = 1;
	classes = {
	};
	objectVersion = 50;
	objects = {

/* Begin PBXBuildFile section */
		370EAF9E25100A9800C38952 /* Question.swift in Sources */ = {isa = PBXBuildFile; fileRef = 370EAF9D25100A9800C38952 /* Question.swift */; };
		370EAFA02510108600C38952 /* QuestionManager.swift in Sources */ = {isa = PBXBuildFile; fileRef = 370EAF9F2510108600C38952 /* QuestionManager.swift */; };
		370EAFA425127AE700C38952 /* AskedNumber.swift in Sources */ = {isa = PBXBuildFile; fileRef = 370EAFA325127AE700C38952 /* AskedNumber.swift */; };
		375B98D12508528D006AE1D7 /* AppDelegate.swift in Sources */ = {isa = PBXBuildFile; fileRef = 375B98D02508528D006AE1D7 /* AppDelegate.swift */; };
		375B98D32508528D006AE1D7 /* SceneDelegate.swift in Sources */ = {isa = PBXBuildFile; fileRef = 375B98D22508528D006AE1D7 /* SceneDelegate.swift */; };
		375B98D52508528D006AE1D7 /* ContentView.swift in Sources */ = {isa = PBXBuildFile; fileRef = 375B98D42508528D006AE1D7 /* ContentView.swift */; };
		375B98D72508528F006AE1D7 /* Assets.xcassets in Resources */ = {isa = PBXBuildFile; fileRef = 375B98D62508528F006AE1D7 /* Assets.xcassets */; };
		375B98DA2508528F006AE1D7 /* Preview Assets.xcassets in Resources */ = {isa = PBXBuildFile; fileRef = 375B98D92508528F006AE1D7 /* Preview Assets.xcassets */; };
		375B98DD2508528F006AE1D7 /* LaunchScreen.storyboard in Resources */ = {isa = PBXBuildFile; fileRef = 375B98DB2508528F006AE1D7 /* LaunchScreen.storyboard */; };
/* End PBXBuildFile section */

/* Begin PBXFileReference section */
		370EAF9D25100A9800C38952 /* Question.swift */ = {isa = PBXFileReference; lastKnownFileType = sourcecode.swift; path = Question.swift; sourceTree = "<group>"; };
		370EAF9F2510108600C38952 /* QuestionManager.swift */ = {isa = PBXFileReference; lastKnownFileType = sourcecode.swift; path = QuestionManager.swift; sourceTree = "<group>"; };
		370EAFA325127AE700C38952 /* AskedNumber.swift */ = {isa = PBXFileReference; lastKnownFileType = sourcecode.swift; path = AskedNumber.swift; sourceTree = "<group>"; };
		375B98CD2508528D006AE1D7 /* Day35-SwiftUI-Challenge.app */ = {isa = PBXFileReference; explicitFileType = wrapper.application; includeInIndex = 0; path = "Day35-SwiftUI-Challenge.app"; sourceTree = BUILT_PRODUCTS_DIR; };
		375B98D02508528D006AE1D7 /* AppDelegate.swift */ = {isa = PBXFileReference; lastKnownFileType = sourcecode.swift; path = AppDelegate.swift; sourceTree = "<group>"; };
		375B98D22508528D006AE1D7 /* SceneDelegate.swift */ = {isa = PBXFileReference; lastKnownFileType = sourcecode.swift; path = SceneDelegate.swift; sourceTree = "<group>"; };
		375B98D42508528D006AE1D7 /* ContentView.swift */ = {isa = PBXFileReference; lastKnownFileType = sourcecode.swift; path = ContentView.swift; sourceTree = "<group>"; };
		375B98D62508528F006AE1D7 /* Assets.xcassets */ = {isa = PBXFileReference; lastKnownFileType = folder.assetcatalog; path = Assets.xcassets; sourceTree = "<group>"; };
		375B98D92508528F006AE1D7 /* Preview Assets.xcassets */ = {isa = PBXFileReference; lastKnownFileType = folder.assetcatalog; path = "Preview Assets.xcassets"; sourceTree = "<group>"; };
		375B98DC2508528F006AE1D7 /* Base */ = {isa = PBXFileReference; lastKnownFileType = file.storyboard; name = Base; path = Base.lproj/LaunchScreen.storyboard; sourceTree = "<group>"; };
		375B98DE2508528F006AE1D7 /* Info.plist */ = {isa = PBXFileReference; lastKnownFileType = text.plist.xml; path = Info.plist; sourceTree = "<group>"; };
/* End PBXFileReference section */

/* Begin PBXFrameworksBuildPhase section */
		375B98CA2508528D006AE1D7 /* Frameworks */ = {
			isa = PBXFrameworksBuildPhase;
			buildActionMask = 2147483647;
			files = (
			);
			runOnlyForDeploymentPostprocessing = 0;
		};
/* End PBXFrameworksBuildPhase section */

/* Begin PBXGroup section */
		370EAF992510075400C38952 /* Model */ = {
			isa = PBXGroup;
			children = (
				370EAF9D25100A9800C38952 /* Question.swift */,
				370EAF9F2510108600C38952 /* QuestionManager.swift */,
			);
			path = Model;
			sourceTree = "<group>";
		};
		370EAF9A2510076200C38952 /* View */ = {
			isa = PBXGroup;
			children = (
				370EAF9B25100A3C00C38952 /* Parts */,
				370EAF9C25100A4D00C38952 /* viewModifiers */,
				375B98D42508528D006AE1D7 /* ContentView.swift */,
			);
			path = View;
			sourceTree = "<group>";
		};
		370EAF9B25100A3C00C38952 /* Parts */ = {
			isa = PBXGroup;
			children = (
				370EAFA325127AE700C38952 /* AskedNumber.swift */,
			);
			path = Parts;
			sourceTree = "<group>";
		};
		370EAF9C25100A4D00C38952 /* viewModifiers */ = {
			isa = PBXGroup;
			children = (
			);
			path = viewModifiers;
			sourceTree = "<group>";
		};
		375B98C42508528D006AE1D7 = {
			isa = PBXGroup;
			children = (
				375B98CF2508528D006AE1D7 /* Day35-SwiftUI-Challenge */,
				375B98CE2508528D006AE1D7 /* Products */,
			);
			sourceTree = "<group>";
		};
		375B98CE2508528D006AE1D7 /* Products */ = {
			isa = PBXGroup;
			children = (
				375B98CD2508528D006AE1D7 /* Day35-SwiftUI-Challenge.app */,
			);
			name = Products;
			sourceTree = "<group>";
		};
		375B98CF2508528D006AE1D7 /* Day35-SwiftUI-Challenge */ = {
			isa = PBXGroup;
			children = (
				370EAF992510075400C38952 /* Model */,
				370EAF9A2510076200C38952 /* View */,
				375B98D02508528D006AE1D7 /* AppDelegate.swift */,
				375B98D22508528D006AE1D7 /* SceneDelegate.swift */,
				375B98D62508528F006AE1D7 /* Assets.xcassets */,
				375B98DB2508528F006AE1D7 /* LaunchScreen.storyboard */,
				375B98DE2508528F006AE1D7 /* Info.plist */,
				375B98D82508528F006AE1D7 /* Preview Content */,
			);
			path = "Day35-SwiftUI-Challenge";
			sourceTree = "<group>";
		};
		375B98D82508528F006AE1D7 /* Preview Content */ = {
			isa = PBXGroup;
			children = (
				375B98D92508528F006AE1D7 /* Preview Assets.xcassets */,
			);
			path = "Preview Content";
			sourceTree = "<group>";
		};
/* End PBXGroup section */

/* Begin PBXNativeTarget section */
		375B98CC2508528D006AE1D7 /* Day35-SwiftUI-Challenge */ = {
			isa = PBXNativeTarget;
			buildConfigurationList = 375B98E12508528F006AE1D7 /* Build configuration list for PBXNativeTarget "Day35-SwiftUI-Challenge" */;
			buildPhases = (
				375B98C92508528D006AE1D7 /* Sources */,
				375B98CA2508528D006AE1D7 /* Frameworks */,
				375B98CB2508528D006AE1D7 /* Resources */,
			);
			buildRules = (
			);
			dependencies = (
			);
			name = "Day35-SwiftUI-Challenge";
			productName = "Day35-SwiftUI-Challenge";
			productReference = 375B98CD2508528D006AE1D7 /* Day35-SwiftUI-Challenge.app */;
			productType = "com.apple.product-type.application";
		};
/* End PBXNativeTarget section */

/* Begin PBXProject section */
		375B98C52508528D006AE1D7 /* Project object */ = {
			isa = PBXProject;
			attributes = {
				LastSwiftUpdateCheck = 1170;
				LastUpgradeCheck = 1170;
				ORGANIZATIONNAME = "Ezequiel Parada";
				TargetAttributes = {
					375B98CC2508528D006AE1D7 = {
						CreatedOnToolsVersion = 11.7;
					};
				};
			};
			buildConfigurationList = 375B98C82508528D006AE1D7 /* Build configuration list for PBXProject "Day35-SwiftUI-Challenge" */;
			compatibilityVersion = "Xcode 9.3";
			developmentRegion = en;
			hasScannedForEncodings = 0;
			knownRegions = (
				en,
				Base,
			);
			mainGroup = 375B98C42508528D006AE1D7;
			productRefGroup = 375B98CE2508528D006AE1D7 /* Products */;
			projectDirPath = "";
			projectRoot = "";
			targets = (
				375B98CC2508528D006AE1D7 /* Day35-SwiftUI-Challenge */,
			);
		};
/* End PBXProject section */

/* Begin PBXResourcesBuildPhase section */
		375B98CB2508528D006AE1D7 /* Resources */ = {
			isa = PBXResourcesBuildPhase;
			buildActionMask = 2147483647;
			files = (
				375B98DD2508528F006AE1D7 /* LaunchScreen.storyboard in Resources */,
				375B98DA2508528F006AE1D7 /* Preview Assets.xcassets in Resources */,
				375B98D72508528F006AE1D7 /* Assets.xcassets in Resources */,
			);
			runOnlyForDeploymentPostprocessing = 0;
		};
/* End PBXResourcesBuildPhase section */

/* Begin PBXSourcesBuildPhase section */
		375B98C92508528D006AE1D7 /* Sources */ = {
			isa = PBXSourcesBuildPhase;
			buildActionMask = 2147483647;
			files = (
				375B98D12508528D006AE1D7 /* AppDelegate.swift in Sources */,
				370EAF9E25100A9800C38952 /* Question.swift in Sources */,
				375B98D32508528D006AE1D7 /* SceneDelegate.swift in Sources */,
				370EAFA425127AE700C38952 /* AskedNumber.swift in Sources */,
				370EAFA02510108600C38952 /* QuestionManager.swift in Sources */,
				375B98D52508528D006AE1D7 /* ContentView.swift in Sources */,
			);
			runOnlyForDeploymentPostprocessing = 0;
		};
/* End PBXSourcesBuildPhase section */

/* Begin PBXVariantGroup section */
		375B98DB2508528F006AE1D7 /* LaunchScreen.storyboard */ = {
			isa = PBXVariantGroup;
			children = (
				375B98DC2508528F006AE1D7 /* Base */,
			);
			name = LaunchScreen.storyboard;
			sourceTree = "<group>";
		};
/* End PBXVariantGroup section */

/* Begin XCBuildConfiguration section */
		375B98DF2508528F006AE1D7 /* Debug */ = {
			isa = XCBuildConfiguration;
			buildSettings = {
				ALWAYS_SEARCH_USER_PATHS = NO;
				CLANG_ANALYZER_NONNULL = YES;
				CLANG_ANALYZER_NUMBER_OBJECT_CONVERSION = YES_AGGRESSIVE;
				CLANG_CXX_LANGUAGE_STANDARD = "gnu++14";
				CLANG_CXX_LIBRARY = "libc++";
				CLANG_ENABLE_MODULES = YES;
				CLANG_ENABLE_OBJC_ARC = YES;
				CLANG_ENABLE_OBJC_WEAK = YES;
				CLANG_WARN_BLOCK_CAPTURE_AUTORELEASING = YES;
				CLANG_WARN_BOOL_CONVERSION = YES;
				CLANG_WARN_COMMA = YES;
				CLANG_WARN_CONSTANT_CONVERSION = YES;
				CLANG_WARN_DEPRECATED_OBJC_IMPLEMENTATIONS = YES;
				CLANG_WARN_DIRECT_OBJC_ISA_USAGE = YES_ERROR;
				CLANG_WARN_DOCUMENTATION_COMMENTS = YES;
				CLANG_WARN_EMPTY_BODY = YES;
				CLANG_WARN_ENUM_CONVERSION = YES;
				CLANG_WARN_INFINITE_RECURSION = YES;
				CLANG_WARN_INT_CONVERSION = YES;
				CLANG_WARN_NON_LITERAL_NULL_CONVERSION = YES;
				CLANG_WARN_OBJC_IMPLICIT_RETAIN_SELF = YES;
				CLANG_WARN_OBJC_LITERAL_CONVERSION = YES;
				CLANG_WARN_OBJC_ROOT_CLASS = YES_ERROR;
				CLANG_WARN_RANGE_LOOP_ANALYSIS = YES;
				CLANG_WARN_STRICT_PROTOTYPES = YES;
				CLANG_WARN_SUSPICIOUS_MOVE = YES;
				CLANG_WARN_UNGUARDED_AVAILABILITY = YES_AGGRESSIVE;
				CLANG_WARN_UNREACHABLE_CODE = YES;
				CLANG_WARN__DUPLICATE_METHOD_MATCH = YES;
				COPY_PHASE_STRIP = NO;
				DEBUG_INFORMATION_FORMAT = dwarf;
				ENABLE_STRICT_OBJC_MSGSEND = YES;
				ENABLE_TESTABILITY = YES;
				GCC_C_LANGUAGE_STANDARD = gnu11;
				GCC_DYNAMIC_NO_PIC = NO;
				GCC_NO_COMMON_BLOCKS = YES;
				GCC_OPTIMIZATION_LEVEL = 0;
				GCC_PREPROCESSOR_DEFINITIONS = (
					"DEBUG=1",
					"$(inherited)",
				);
				GCC_WARN_64_TO_32_BIT_CONVERSION = YES;
				GCC_WARN_ABOUT_RETURN_TYPE = YES_ERROR;
				GCC_WARN_UNDECLARED_SELECTOR = YES;
				GCC_WARN_UNINITIALIZED_AUTOS = YES_AGGRESSIVE;
				GCC_WARN_UNUSED_FUNCTION = YES;
				GCC_WARN_UNUSED_VARIABLE = YES;
				IPHONEOS_DEPLOYMENT_TARGET = 13.7;
				MTL_ENABLE_DEBUG_INFO = INCLUDE_SOURCE;
				MTL_FAST_MATH = YES;
				ONLY_ACTIVE_ARCH = YES;
				SDKROOT = iphoneos;
				SWIFT_ACTIVE_COMPILATION_CONDITIONS = DEBUG;
				SWIFT_OPTIMIZATION_LEVEL = "-Onone";
			};
			name = Debug;
		};
		375B98E02508528F006AE1D7 /* Release */ = {
			isa = XCBuildConfiguration;
			buildSettings = {
				ALWAYS_SEARCH_USER_PATHS = NO;
				CLANG_ANALYZER_NONNULL = YES;
				CLANG_ANALYZER_NUMBER_OBJECT_CONVERSION = YES_AGGRESSIVE;
				CLANG_CXX_LANGUAGE_STANDARD = "gnu++14";
				CLANG_CXX_LIBRARY = "libc++";
				CLANG_ENABLE_MODULES = YES;
				CLANG_ENABLE_OBJC_ARC = YES;
				CLANG_ENABLE_OBJC_WEAK = YES;
				CLANG_WARN_BLOCK_CAPTURE_AUTORELEASING = YES;
				CLANG_WARN_BOOL_CONVERSION = YES;
				CLANG_WARN_COMMA = YES;
				CLANG_WARN_CONSTANT_CONVERSION = YES;
				CLANG_WARN_DEPRECATED_OBJC_IMPLEMENTATIONS = YES;
				CLANG_WARN_DIRECT_OBJC_ISA_USAGE = YES_ERROR;
				CLANG_WARN_DOCUMENTATION_COMMENTS = YES;
				CLANG_WARN_EMPTY_BODY = YES;
				CLANG_WARN_ENUM_CONVERSION = YES;
				CLANG_WARN_INFINITE_RECURSION = YES;
				CLANG_WARN_INT_CONVERSION = YES;
				CLANG_WARN_NON_LITERAL_NULL_CONVERSION = YES;
				CLANG_WARN_OBJC_IMPLICIT_RETAIN_SELF = YES;
				CLANG_WARN_OBJC_LITERAL_CONVERSION = YES;
				CLANG_WARN_OBJC_ROOT_CLASS = YES_ERROR;
				CLANG_WARN_RANGE_LOOP_ANALYSIS = YES;
				CLANG_WARN_STRICT_PROTOTYPES = YES;
				CLANG_WARN_SUSPICIOUS_MOVE = YES;
				CLANG_WARN_UNGUARDED_AVAILABILITY = YES_AGGRESSIVE;
				CLANG_WARN_UNREACHABLE_CODE = YES;
				CLANG_WARN__DUPLICATE_METHOD_MATCH = YES;
				COPY_PHASE_STRIP = NO;
				DEBUG_INFORMATION_FORMAT = "dwarf-with-dsym";
				ENABLE_NS_ASSERTIONS = NO;
				ENABLE_STRICT_OBJC_MSGSEND = YES;
				GCC_C_LANGUAGE_STANDARD = gnu11;
				GCC_NO_COMMON_BLOCKS = YES;
				GCC_WARN_64_TO_32_BIT_CONVERSION = YES;
				GCC_WARN_ABOUT_RETURN_TYPE = YES_ERROR;
				GCC_WARN_UNDECLARED_SELECTOR = YES;
				GCC_WARN_UNINITIALIZED_AUTOS = YES_AGGRESSIVE;
				GCC_WARN_UNUSED_FUNCTION = YES;
				GCC_WARN_UNUSED_VARIABLE = YES;
				IPHONEOS_DEPLOYMENT_TARGET = 13.7;
				MTL_ENABLE_DEBUG_INFO = NO;
				MTL_FAST_MATH = YES;
				SDKROOT = iphoneos;
				SWIFT_COMPILATION_MODE = wholemodule;
				SWIFT_OPTIMIZATION_LEVEL = "-O";
				VALIDATE_PRODUCT = YES;
			};
			name = Release;
		};
		375B98E22508528F006AE1D7 /* Debug */ = {
			isa = XCBuildConfiguration;
			buildSettings = {
				ASSETCATALOG_COMPILER_APPICON_NAME = AppIcon;
				CODE_SIGN_STYLE = Automatic;
				DEVELOPMENT_ASSET_PATHS = "\"Day35-SwiftUI-Challenge/Preview Content\"";
				DEVELOPMENT_TEAM = 8PF4PD98CF;
				ENABLE_PREVIEWS = YES;
				INFOPLIST_FILE = "Day35-SwiftUI-Challenge/Info.plist";
				LD_RUNPATH_SEARCH_PATHS = (
					"$(inherited)",
					"@executable_path/Frameworks",
				);
				PRODUCT_BUNDLE_IDENTIFIER = "com.paradabeltran.Day35-SwiftUI-Challenge";
				PRODUCT_NAME = "$(TARGET_NAME)";
				SWIFT_VERSION = 5.0;
				TARGETED_DEVICE_FAMILY = "1,2";
			};
			name = Debug;
		};
		375B98E32508528F006AE1D7 /* Release */ = {
			isa = XCBuildConfiguration;
			buildSettings = {
				ASSETCATALOG_COMPILER_APPICON_NAME = AppIcon;
				CODE_SIGN_STYLE = Automatic;
				DEVELOPMENT_ASSET_PATHS = "\"Day35-SwiftUI-Challenge/Preview Content\"";
				DEVELOPMENT_TEAM = 8PF4PD98CF;
				ENABLE_PREVIEWS = YES;
				INFOPLIST_FILE = "Day35-SwiftUI-Challenge/Info.plist";
				LD_RUNPATH_SEARCH_PATHS = (
					"$(inherited)",
					"@executable_path/Frameworks",
				);
				PRODUCT_BUNDLE_IDENTIFIER = "com.paradabeltran.Day35-SwiftUI-Challenge";
				PRODUCT_NAME = "$(TARGET_NAME)";
				SWIFT_VERSION = 5.0;
				TARGETED_DEVICE_FAMILY = "1,2";
			};
			name = Release;
		};
/* End XCBuildConfiguration section */

/* Begin XCConfigurationList section */
		375B98C82508528D006AE1D7 /* Build configuration list for PBXProject "Day35-SwiftUI-Challenge" */ = {
			isa = XCConfigurationList;
			buildConfigurations = (
				375B98DF2508528F006AE1D7 /* Debug */,
				375B98E02508528F006AE1D7 /* Release */,
			);
			defaultConfigurationIsVisible = 0;
			defaultConfigurationName = Release;
		};
		375B98E12508528F006AE1D7 /* Build configuration list for PBXNativeTarget "Day35-SwiftUI-Challenge" */ = {
			isa = XCConfigurationList;
			buildConfigurations = (
				375B98E22508528F006AE1D7 /* Debug */,
				375B98E32508528F006AE1D7 /* Release */,
			);
			defaultConfigurationIsVisible = 0;
			defaultConfigurationName = Release;
		};
/* End XCConfigurationList section */
	};
	rootObject = 375B98C52508528D006AE1D7 /* Project object */;
}
